
Microsoft Visual Studio Solution File, Format Version 12.00
# Visual Studio Version 16
VisualStudioVersion = 16.0.31729.503
MinimumVisualStudioVersion = 10.0.40219.1
Project("{9A19103F-16F7-4668-BE54-9A1E7A4F7556}") = "Pizzaria", "Pizzaria\Pizzaria.csproj", "{13744CB0-DF8B-4234-AB64-2AC8EE6A1DF4}"
EndProject
Project("{9A19103F-16F7-4668-BE54-9A1E7A4F7556}") = "Application", "Service\Application.csproj", "{3B9B5D78-69A5-4621-A970-FC7A0661DB46}"
EndProject
Project("{9A19103F-16F7-4668-BE54-9A1E7A4F7556}") = "Persistence", "Persistence\Persistence.csproj", "{3D487FC7-EF66-4A31-8084-B4DFD1C4E9CD}"
EndProject
Project("{9A19103F-16F7-4668-BE54-9A1E7A4F7556}") = "Domain", "Domain\Domain.csproj", "{793925B6-67C9-4E9E-8F9F-1D86B68D9CC8}"
EndProject
Project("{FAE04EC0-301F-11D3-BF4B-00C04F79EFBC}") = "Pizzaria.Tests", "Pizzaria.Tests\Pizzaria.Tests.csproj", "{DE78777A-4EA5-45C7-A7F5-51584DA934EF}"
EndProject
Global
	GlobalSection(SolutionConfigurationPlatforms) = preSolution
		Debug|Any CPU = Debug|Any CPU
		Release|Any CPU = Release|Any CPU
	EndGlobalSection
	GlobalSection(ProjectConfigurationPlatforms) = postSolution
		{13744CB0-DF8B-4234-AB64-2AC8EE6A1DF4}.Debug|Any CPU.ActiveCfg = Debug|Any CPU
		{13744CB0-DF8B-4234-AB64-2AC8EE6A1DF4}.Debug|Any CPU.Build.0 = Debug|Any CPU
		{13744CB0-DF8B-4234-AB64-2AC8EE6A1DF4}.Release|Any CPU.ActiveCfg = Release|Any CPU
		{13744CB0-DF8B-4234-AB64-2AC8EE6A1DF4}.Release|Any CPU.Build.0 = Release|Any CPU
		{3B9B5D78-69A5-4621-A970-FC7A0661DB46}.Debug|Any CPU.ActiveCfg = Debug|Any CPU
		{3B9B5D78-69A5-4621-A970-FC7A0661DB46}.Debug|Any CPU.Build.0 = Debug|Any CPU
		{3B9B5D78-69A5-4621-A970-FC7A0661DB46}.Release|Any CPU.ActiveCfg = Release|Any CPU
		{3B9B5D78-69A5-4621-A970-FC7A0661DB46}.Release|Any CPU.Build.0 = Release|Any CPU
		{3D487FC7-EF66-4A31-8084-B4DFD1C4E9CD}.Debug|Any CPU.ActiveCfg = Debug|Any CPU
		{3D487FC7-EF66-4A31-8084-B4DFD1C4E9CD}.Debug|Any CPU.Build.0 = Debug|Any CPU
		{3D487FC7-EF66-4A31-8084-B4DFD1C4E9CD}.Release|Any CPU.ActiveCfg = Release|Any CPU
		{3D487FC7-EF66-4A31-8084-B4DFD1C4E9CD}.Release|Any CPU.Build.0 = Release|Any CPU
		{793925B6-67C9-4E9E-8F9F-1D86B68D9CC8}.Debug|Any CPU.ActiveCfg = Debug|Any CPU
		{793925B6-67C9-4E9E-8F9F-1D86B68D9CC8}.Debug|Any CPU.Build.0 = Debug|Any CPU
		{793925B6-67C9-4E9E-8F9F-1D86B68D9CC8}.Release|Any CPU.ActiveCfg = Release|Any CPU
		{793925B6-67C9-4E9E-8F9F-1D86B68D9CC8}.Release|Any CPU.Build.0 = Release|Any CPU
		{DE78777A-4EA5-45C7-A7F5-51584DA934EF}.Debug|Any CPU.ActiveCfg = Debug|Any CPU
		{DE78777A-4EA5-45C7-A7F5-51584DA934EF}.Debug|Any CPU.Build.0 = Debug|Any CPU
		{DE78777A-4EA5-45C7-A7F5-51584DA934EF}.Release|Any CPU.ActiveCfg = Release|Any CPU
		{DE78777A-4EA5-45C7-A7F5-51584DA934EF}.Release|Any CPU.Build.0 = Release|Any CPU
	EndGlobalSection
	GlobalSection(SolutionProperties) = preSolution
		HideSolutionNode = FALSE
	EndGlobalSection
	GlobalSection(ExtensibilityGlobals) = postSolution
		SolutionGuid = {A8A21D94-1715-4278-8F5C-11D25876E1E7}
	EndGlobalSection
EndGlobal
